
Microsoft Visual Studio Solution File, Format Version 12.00
# Visual Studio Version 18
VisualStudioVersion = 18.0.11222.15
MinimumVisualStudioVersion = 10.0.40219.1
Project("{FAE04EC0-301F-11D3-BF4B-00C04F79EFBC}") = "HToolLegacy", "Legacy\HToolLegacy\HToolLegacy.csproj", "{59C93832-392D-426D-A705-3D624E72F4C4}"
EndProject
Project("{FAE04EC0-301F-11D3-BF4B-00C04F79EFBC}") = "HToolEx", "Legacy\HToolEx\HToolEx.csproj", "{249BAA95-8B6C-7502-D3D9-0200A01C53B5}"
EndProject
Project("{FAE04EC0-301F-11D3-BF4B-00C04F79EFBC}") = "HComm", "Legacy\HComm\HComm.csproj", "{24366DC1-927E-6F10-6009-24992A393D1A}"
EndProject
Project("{FAE04EC0-301F-11D3-BF4B-00C04F79EFBC}") = "HCommEz", "Legacy\HCommEz\HCommEz.csproj", "{65EFCC1F-2395-34E4-E72E-10CBA1AD9685}"
EndProject
Project("{FAE04EC0-301F-11D3-BF4B-00C04F79EFBC}") = "HToolEz", "HToolEz\HToolEz.csproj", "{B9F5D4BA-6DDC-43F6-84CB-CFF5644280C9}"
EndProject
Project("{FAE04EC0-301F-11D3-BF4B-00C04F79EFBC}") = "HTool.Core", "HTool.Core\HTool.Core.csproj", "{4D1D120D-20D7-4221-9F64-33FC0737464E}"
EndProject
Project("{FAE04EC0-301F-11D3-BF4B-00C04F79EFBC}") = "HTool.Format", "HTool.Format\HTool.Format.csproj", "{8F723AF3-0194-491F-AC37-95D2AA1B0D83}"
EndProject
Project("{FAE04EC0-301F-11D3-BF4B-00C04F79EFBC}") = "HTool", "HTool\HTool.csproj", "{E5934A1C-F0FF-4D97-8C7D-259A4209CB8D}"
EndProject
Project("{2150E333-8FDC-42A3-9474-1A3956D46DE8}") = "Legacy", "Legacy", "{CD756616-0582-4EEB-AD04-0D1CB7AD98D9}"
EndProject
Project("{FAE04EC0-301F-11D3-BF4B-00C04F79EFBC}") = "Tester", "Tester\Tester.csproj", "{8395E3D5-01C7-452D-B8BB-F49D3FE84D68}"
EndProject
Project("{FAE04EC0-301F-11D3-BF4B-00C04F79EFBC}") = "ToolSample", "ToolSample\ToolSample.csproj", "{E6DECDCE-62E2-46BD-9B4E-61A566394A40}"
EndProject
Project("{FAE04EC0-301F-11D3-BF4B-00C04F79EFBC}") = "ToolRunner", "ToolRunner\ToolRunner.csproj", "{7B458377-BBFE-4810-ACE3-26BD2F3FE140}"
EndProject
Global
	GlobalSection(SolutionConfigurationPlatforms) = preSolution
		Debug|Any CPU = Debug|Any CPU
		Debug|x64 = Debug|x64
		Debug|x86 = Debug|x86
		Release|Any CPU = Release|Any CPU
		Release|x64 = Release|x64
		Release|x86 = Release|x86
	EndGlobalSection
	GlobalSection(ProjectConfigurationPlatforms) = postSolution
		{59C93832-392D-426D-A705-3D624E72F4C4}.Debug|Any CPU.ActiveCfg = Debug|Any CPU
		{59C93832-392D-426D-A705-3D624E72F4C4}.Debug|Any CPU.Build.0 = Debug|Any CPU
		{59C93832-392D-426D-A705-3D624E72F4C4}.Debug|x64.ActiveCfg = Debug|Any CPU
		{59C93832-392D-426D-A705-3D624E72F4C4}.Debug|x64.Build.0 = Debug|Any CPU
		{59C93832-392D-426D-A705-3D624E72F4C4}.Debug|x86.ActiveCfg = Debug|Any CPU
		{59C93832-392D-426D-A705-3D624E72F4C4}.Debug|x86.Build.0 = Debug|Any CPU
		{59C93832-392D-426D-A705-3D624E72F4C4}.Release|Any CPU.ActiveCfg = Release|Any CPU
		{59C93832-392D-426D-A705-3D624E72F4C4}.Release|Any CPU.Build.0 = Release|Any CPU
		{59C93832-392D-426D-A705-3D624E72F4C4}.Release|x64.ActiveCfg = Release|Any CPU
		{59C93832-392D-426D-A705-3D624E72F4C4}.Release|x64.Build.0 = Release|Any CPU
		{59C93832-392D-426D-A705-3D624E72F4C4}.Release|x86.ActiveCfg = Release|Any CPU
		{59C93832-392D-426D-A705-3D624E72F4C4}.Release|x86.Build.0 = Release|Any CPU
		{249BAA95-8B6C-7502-D3D9-0200A01C53B5}.Debug|Any CPU.ActiveCfg = Debug|Any CPU
		{249BAA95-8B6C-7502-D3D9-0200A01C53B5}.Debug|Any CPU.Build.0 = Debug|Any CPU
		{249BAA95-8B6C-7502-D3D9-0200A01C53B5}.Debug|x64.ActiveCfg = Debug|Any CPU
		{249BAA95-8B6C-7502-D3D9-0200A01C53B5}.Debug|x64.Build.0 = Debug|Any CPU
		{249BAA95-8B6C-7502-D3D9-0200A01C53B5}.Debug|x86.ActiveCfg = Debug|Any CPU
		{249BAA95-8B6C-7502-D3D9-0200A01C53B5}.Debug|x86.Build.0 = Debug|Any CPU
		{249BAA95-8B6C-7502-D3D9-0200A01C53B5}.Release|Any CPU.ActiveCfg = Release|Any CPU
		{249BAA95-8B6C-7502-D3D9-0200A01C53B5}.Release|Any CPU.Build.0 = Release|Any CPU
		{249BAA95-8B6C-7502-D3D9-0200A01C53B5}.Release|x64.ActiveCfg = Release|Any CPU
		{249BAA95-8B6C-7502-D3D9-0200A01C53B5}.Release|x64.Build.0 = Release|Any CPU
		{249BAA95-8B6C-7502-D3D9-0200A01C53B5}.Release|x86.ActiveCfg = Release|Any CPU
		{249BAA95-8B6C-7502-D3D9-0200A01C53B5}.Release|x86.Build.0 = Release|Any CPU
		{24366DC1-927E-6F10-6009-24992A393D1A}.Debug|Any CPU.ActiveCfg = Debug|Any CPU
		{24366DC1-927E-6F10-6009-24992A393D1A}.Debug|Any CPU.Build.0 = Debug|Any CPU
		{24366DC1-927E-6F10-6009-24992A393D1A}.Debug|x64.ActiveCfg = Debug|Any CPU
		{24366DC1-927E-6F10-6009-24992A393D1A}.Debug|x64.Build.0 = Debug|Any CPU
		{24366DC1-927E-6F10-6009-24992A393D1A}.Debug|x86.ActiveCfg = Debug|Any CPU
		{24366DC1-927E-6F10-6009-24992A393D1A}.Debug|x86.Build.0 = Debug|Any CPU
		{24366DC1-927E-6F10-6009-24992A393D1A}.Release|Any CPU.ActiveCfg = Release|Any CPU
		{24366DC1-927E-6F10-6009-24992A393D1A}.Release|Any CPU.Build.0 = Release|Any CPU
		{24366DC1-927E-6F10-6009-24992A393D1A}.Release|x64.ActiveCfg = Release|Any CPU
		{24366DC1-927E-6F10-6009-24992A393D1A}.Release|x64.Build.0 = Release|Any CPU
		{24366DC1-927E-6F10-6009-24992A393D1A}.Release|x86.ActiveCfg = Release|Any CPU
		{24366DC1-927E-6F10-6009-24992A393D1A}.Release|x86.Build.0 = Release|Any CPU
		{65EFCC1F-2395-34E4-E72E-10CBA1AD9685}.Debug|Any CPU.ActiveCfg = Debug|Any CPU
		{65EFCC1F-2395-34E4-E72E-10CBA1AD9685}.Debug|Any CPU.Build.0 = Debug|Any CPU
		{65EFCC1F-2395-34E4-E72E-10CBA1AD9685}.Debug|x64.ActiveCfg = Debug|Any CPU
		{65EFCC1F-2395-34E4-E72E-10CBA1AD9685}.Debug|x64.Build.0 = Debug|Any CPU
		{65EFCC1F-2395-34E4-E72E-10CBA1AD9685}.Debug|x86.ActiveCfg = Debug|Any CPU
		{65EFCC1F-2395-34E4-E72E-10CBA1AD9685}.Debug|x86.Build.0 = Debug|Any CPU
		{65EFCC1F-2395-34E4-E72E-10CBA1AD9685}.Release|Any CPU.ActiveCfg = Release|Any CPU
		{65EFCC1F-2395-34E4-E72E-10CBA1AD9685}.Release|Any CPU.Build.0 = Release|Any CPU
		{65EFCC1F-2395-34E4-E72E-10CBA1AD9685}.Release|x64.ActiveCfg = Release|Any CPU
		{65EFCC1F-2395-34E4-E72E-10CBA1AD9685}.Release|x64.Build.0 = Release|Any CPU
		{65EFCC1F-2395-34E4-E72E-10CBA1AD9685}.Release|x86.ActiveCfg = Release|Any CPU
		{65EFCC1F-2395-34E4-E72E-10CBA1AD9685}.Release|x86.Build.0 = Release|Any CPU
		{B9F5D4BA-6DDC-43F6-84CB-CFF5644280C9}.Debug|Any CPU.ActiveCfg = Debug|Any CPU
		{B9F5D4BA-6DDC-43F6-84CB-CFF5644280C9}.Debug|Any CPU.Build.0 = Debug|Any CPU
		{B9F5D4BA-6DDC-43F6-84CB-CFF5644280C9}.Debug|x64.ActiveCfg = Debug|Any CPU
		{B9F5D4BA-6DDC-43F6-84CB-CFF5644280C9}.Debug|x64.Build.0 = Debug|Any CPU
		{B9F5D4BA-6DDC-43F6-84CB-CFF5644280C9}.Debug|x86.ActiveCfg = Debug|Any CPU
		{B9F5D4BA-6DDC-43F6-84CB-CFF5644280C9}.Debug|x86.Build.0 = Debug|Any CPU
		{B9F5D4BA-6DDC-43F6-84CB-CFF5644280C9}.Release|Any CPU.ActiveCfg = Release|Any CPU
		{B9F5D4BA-6DDC-43F6-84CB-CFF5644280C9}.Release|Any CPU.Build.0 = Release|Any CPU
		{B9F5D4BA-6DDC-43F6-84CB-CFF5644280C9}.Release|x64.ActiveCfg = Release|Any CPU
		{B9F5D4BA-6DDC-43F6-84CB-CFF5644280C9}.Release|x64.Build.0 = Release|Any CPU
		{B9F5D4BA-6DDC-43F6-84CB-CFF5644280C9}.Release|x86.ActiveCfg = Release|Any CPU
		{B9F5D4BA-6DDC-43F6-84CB-CFF5644280C9}.Release|x86.Build.0 = Release|Any CPU
		{4D1D120D-20D7-4221-9F64-33FC0737464E}.Debug|Any CPU.ActiveCfg = Debug|Any CPU
		{4D1D120D-20D7-4221-9F64-33FC0737464E}.Debug|Any CPU.Build.0 = Debug|Any CPU
		{4D1D120D-20D7-4221-9F64-33FC0737464E}.Debug|x64.ActiveCfg = Debug|Any CPU
		{4D1D120D-20D7-4221-9F64-33FC0737464E}.Debug|x64.Build.0 = Debug|Any CPU
		{4D1D120D-20D7-4221-9F64-33FC0737464E}.Debug|x86.ActiveCfg = Debug|Any CPU
		{4D1D120D-20D7-4221-9F64-33FC0737464E}.Debug|x86.Build.0 = Debug|Any CPU
		{4D1D120D-20D7-4221-9F64-33FC0737464E}.Release|Any CPU.ActiveCfg = Release|Any CPU
		{4D1D120D-20D7-4221-9F64-33FC0737464E}.Release|Any CPU.Build.0 = Release|Any CPU
		{4D1D120D-20D7-4221-9F64-33FC0737464E}.Release|x64.ActiveCfg = Release|Any CPU
		{4D1D120D-20D7-4221-9F64-33FC0737464E}.Release|x64.Build.0 = Release|Any CPU
		{4D1D120D-20D7-4221-9F64-33FC0737464E}.Release|x86.ActiveCfg = Release|Any CPU
		{4D1D120D-20D7-4221-9F64-33FC0737464E}.Release|x86.Build.0 = Release|Any CPU
		{8F723AF3-0194-491F-AC37-95D2AA1B0D83}.Debug|Any CPU.ActiveCfg = Debug|Any CPU
		{8F723AF3-0194-491F-AC37-95D2AA1B0D83}.Debug|Any CPU.Build.0 = Debug|Any CPU
		{8F723AF3-0194-491F-AC37-95D2AA1B0D83}.Debug|x64.ActiveCfg = Debug|Any CPU
		{8F723AF3-0194-491F-AC37-95D2AA1B0D83}.Debug|x64.Build.0 = Debug|Any CPU
		{8F723AF3-0194-491F-AC37-95D2AA1B0D83}.Debug|x86.ActiveCfg = Debug|Any CPU
		{8F723AF3-0194-491F-AC37-95D2AA1B0D83}.Debug|x86.Build.0 = Debug|Any CPU
		{8F723AF3-0194-491F-AC37-95D2AA1B0D83}.Release|Any CPU.ActiveCfg = Release|Any CPU
		{8F723AF3-0194-491F-AC37-95D2AA1B0D83}.Release|Any CPU.Build.0 = Release|Any CPU
		{8F723AF3-0194-491F-AC37-95D2AA1B0D83}.Release|x64.ActiveCfg = Release|Any CPU
		{8F723AF3-0194-491F-AC37-95D2AA1B0D83}.Release|x64.Build.0 = Release|Any CPU
		{8F723AF3-0194-491F-AC37-95D2AA1B0D83}.Release|x86.ActiveCfg = Release|Any CPU
		{8F723AF3-0194-491F-AC37-95D2AA1B0D83}.Release|x86.Build.0 = Release|Any CPU
		{E5934A1C-F0FF-4D97-8C7D-259A4209CB8D}.Debug|Any CPU.ActiveCfg = Debug|Any CPU
		{E5934A1C-F0FF-4D97-8C7D-259A4209CB8D}.Debug|Any CPU.Build.0 = Debug|Any CPU
		{E5934A1C-F0FF-4D97-8C7D-259A4209CB8D}.Debug|x64.ActiveCfg = Debug|Any CPU
		{E5934A1C-F0FF-4D97-8C7D-259A4209CB8D}.Debug|x64.Build.0 = Debug|Any CPU
		{E5934A1C-F0FF-4D97-8C7D-259A4209CB8D}.Debug|x86.ActiveCfg = Debug|Any CPU
		{E5934A1C-F0FF-4D97-8C7D-259A4209CB8D}.Debug|x86.Build.0 = Debug|Any CPU
		{E5934A1C-F0FF-4D97-8C7D-259A4209CB8D}.Release|Any CPU.ActiveCfg = Release|Any CPU
		{E5934A1C-F0FF-4D97-8C7D-259A4209CB8D}.Release|Any CPU.Build.0 = Release|Any CPU
		{E5934A1C-F0FF-4D97-8C7D-259A4209CB8D}.Release|x64.ActiveCfg = Release|Any CPU
		{E5934A1C-F0FF-4D97-8C7D-259A4209CB8D}.Release|x64.Build.0 = Release|Any CPU
		{E5934A1C-F0FF-4D97-8C7D-259A4209CB8D}.Release|x86.ActiveCfg = Release|Any CPU
		{E5934A1C-F0FF-4D97-8C7D-259A4209CB8D}.Release|x86.Build.0 = Release|Any CPU
		{8395E3D5-01C7-452D-B8BB-F49D3FE84D68}.Debug|Any CPU.ActiveCfg = Debug|Any CPU
		{8395E3D5-01C7-452D-B8BB-F49D3FE84D68}.Debug|Any CPU.Build.0 = Debug|Any CPU
		{8395E3D5-01C7-452D-B8BB-F49D3FE84D68}.Debug|x64.ActiveCfg = Debug|Any CPU
		{8395E3D5-01C7-452D-B8BB-F49D3FE84D68}.Debug|x64.Build.0 = Debug|Any CPU
		{8395E3D5-01C7-452D-B8BB-F49D3FE84D68}.Debug|x86.ActiveCfg = Debug|Any CPU
		{8395E3D5-01C7-452D-B8BB-F49D3FE84D68}.Debug|x86.Build.0 = Debug|Any CPU
		{8395E3D5-01C7-452D-B8BB-F49D3FE84D68}.Release|Any CPU.ActiveCfg = Release|Any CPU
		{8395E3D5-01C7-452D-B8BB-F49D3FE84D68}.Release|Any CPU.Build.0 = Release|Any CPU
		{8395E3D5-01C7-452D-B8BB-F49D3FE84D68}.Release|x64.ActiveCfg = Release|Any CPU
		{8395E3D5-01C7-452D-B8BB-F49D3FE84D68}.Release|x64.Build.0 = Release|Any CPU
		{8395E3D5-01C7-452D-B8BB-F49D3FE84D68}.Release|x86.ActiveCfg = Release|Any CPU
		{8395E3D5-01C7-452D-B8BB-F49D3FE84D68}.Release|x86.Build.0 = Release|Any CPU
		{E6DECDCE-62E2-46BD-9B4E-61A566394A40}.Debug|Any CPU.ActiveCfg = Debug|Any CPU
		{E6DECDCE-62E2-46BD-9B4E-61A566394A40}.Debug|Any CPU.Build.0 = Debug|Any CPU
		{E6DECDCE-62E2-46BD-9B4E-61A566394A40}.Debug|x64.ActiveCfg = Debug|Any CPU
		{E6DECDCE-62E2-46BD-9B4E-61A566394A40}.Debug|x64.Build.0 = Debug|Any CPU
		{E6DECDCE-62E2-46BD-9B4E-61A566394A40}.Debug|x86.ActiveCfg = Debug|Any CPU
		{E6DECDCE-62E2-46BD-9B4E-61A566394A40}.Debug|x86.Build.0 = Debug|Any CPU
		{E6DECDCE-62E2-46BD-9B4E-61A566394A40}.Release|Any CPU.ActiveCfg = Release|Any CPU
		{E6DECDCE-62E2-46BD-9B4E-61A566394A40}.Release|Any CPU.Build.0 = Release|Any CPU
		{E6DECDCE-62E2-46BD-9B4E-61A566394A40}.Release|x64.ActiveCfg = Release|Any CPU
		{E6DECDCE-62E2-46BD-9B4E-61A566394A40}.Release|x64.Build.0 = Release|Any CPU
		{E6DECDCE-62E2-46BD-9B4E-61A566394A40}.Release|x86.ActiveCfg = Release|Any CPU
		{E6DECDCE-62E2-46BD-9B4E-61A566394A40}.Release|x86.Build.0 = Release|Any CPU
		{7B458377-BBFE-4810-ACE3-26BD2F3FE140}.Debug|Any CPU.ActiveCfg = Debug|Any CPU
		{7B458377-BBFE-4810-ACE3-26BD2F3FE140}.Debug|Any CPU.Build.0 = Debug|Any CPU
		{7B458377-BBFE-4810-ACE3-26BD2F3FE140}.Debug|x64.ActiveCfg = Debug|Any CPU
		{7B458377-BBFE-4810-ACE3-26BD2F3FE140}.Debug|x64.Build.0 = Debug|Any CPU
		{7B458377-BBFE-4810-ACE3-26BD2F3FE140}.Debug|x86.ActiveCfg = Debug|Any CPU
		{7B458377-BBFE-4810-ACE3-26BD2F3FE140}.Debug|x86.Build.0 = Debug|Any CPU
		{7B458377-BBFE-4810-ACE3-26BD2F3FE140}.Release|Any CPU.ActiveCfg = Release|Any CPU
		{7B458377-BBFE-4810-ACE3-26BD2F3FE140}.Release|Any CPU.Build.0 = Release|Any CPU
		{7B458377-BBFE-4810-ACE3-26BD2F3FE140}.Release|x64.ActiveCfg = Release|Any CPU
		{7B458377-BBFE-4810-ACE3-26BD2F3FE140}.Release|x64.Build.0 = Release|Any CPU
		{7B458377-BBFE-4810-ACE3-26BD2F3FE140}.Release|x86.ActiveCfg = Release|Any CPU
		{7B458377-BBFE-4810-ACE3-26BD2F3FE140}.Release|x86.Build.0 = Release|Any CPU
	EndGlobalSection
	GlobalSection(SolutionProperties) = preSolution
		HideSolutionNode = FALSE
	EndGlobalSection
	GlobalSection(NestedProjects) = preSolution
		{59C93832-392D-426D-A705-3D624E72F4C4} = {CD756616-0582-4EEB-AD04-0D1CB7AD98D9}
		{249BAA95-8B6C-7502-D3D9-0200A01C53B5} = {CD756616-0582-4EEB-AD04-0D1CB7AD98D9}
		{24366DC1-927E-6F10-6009-24992A393D1A} = {CD756616-0582-4EEB-AD04-0D1CB7AD98D9}
		{65EFCC1F-2395-34E4-E72E-10CBA1AD9685} = {CD756616-0582-4EEB-AD04-0D1CB7AD98D9}
	EndGlobalSection
	GlobalSection(ExtensibilityGlobals) = postSolution
		SolutionGuid = {3C08B659-05FF-4B90-AB5B-F0B13C300F34}
	EndGlobalSection
EndGlobal
